
Microsoft Visual Studio Solution File, Format Version 12.00
# Visual Studio Version 17
VisualStudioVersion = 17.5.33516.290
MinimumVisualStudioVersion = 10.0.40219.1
Project("{FAE04EC0-301F-11D3-BF4B-00C04F79EFBC}") = "AdotaPet", "AdotaPet\AdotaPet.csproj", "{113F80C8-4575-4618-8394-5D7DE5DF3169}"
EndProject
Global
	GlobalSection(SolutionConfigurationPlatforms) = preSolution
		Debug|Any CPU = Debug|Any CPU
		Release|Any CPU = Release|Any CPU
	EndGlobalSection
	GlobalSection(ProjectConfigurationPlatforms) = postSolution
		{113F80C8-4575-4618-8394-5D7DE5DF3169}.Debug|Any CPU.ActiveCfg = Debug|Any CPU
		{113F80C8-4575-4618-8394-5D7DE5DF3169}.Debug|Any CPU.Build.0 = Debug|Any CPU
		{113F80C8-4575-4618-8394-5D7DE5DF3169}.Release|Any CPU.ActiveCfg = Release|Any CPU
		{113F80C8-4575-4618-8394-5D7DE5DF3169}.Release|Any CPU.Build.0 = Release|Any CPU
	EndGlobalSection
	GlobalSection(SolutionProperties) = preSolution
		HideSolutionNode = FALSE
	EndGlobalSection
	GlobalSection(ExtensibilityGlobals) = postSolution
		SolutionGuid = {3B4F7DC1-2332-45C6-9972-CB9296205C8F}
	EndGlobalSection
EndGlobal
